
Microsoft Visual Studio Solution File, Format Version 12.00
# Visual Studio Version 16
VisualStudioVersion = 16.0.29920.165
MinimumVisualStudioVersion = 10.0.40219.1
Project("{FAE04EC0-301F-11D3-BF4B-00C04F79EFBC}") = "HospitalManagement.Web", "HospitalManagement\HospitalManagement.Web.csproj", "{089F6464-6E71-42F4-93DF-1C48CC9982FA}"
EndProject
Project("{FAE04EC0-301F-11D3-BF4B-00C04F79EFBC}") = "HospitalManagement.Businesslayer", "HospitalManagement.Businesslayer\HospitalManagement.Businesslayer.csproj", "{AD8A3977-3BD9-4BDE-B903-802CE950D38E}"
EndProject
Project("{FAE04EC0-301F-11D3-BF4B-00C04F79EFBC}") = "HospitalManagement.Entities", "HospitalManagement.Entities\HospitalManagement.Entities.csproj", "{3769712E-CDE3-45B8-9981-CCBE5908A7C1}"
EndProject
Project("{FAE04EC0-301F-11D3-BF4B-00C04F79EFBC}") = "HospitalManagement.DataLayer", "HospitalManagement.DataLayer\HospitalManagement.DataLayer.csproj", "{9C3A5E2A-BAAA-462E-ADEE-666570816259}"
EndProject
Project("{FAE04EC0-301F-11D3-BF4B-00C04F79EFBC}") = "HospitalManagement.Test", "XUnitTestProject1\HospitalManagement.Test.csproj", "{C7B7F5F8-D5B9-4AE7-B0F2-00CFCCB42945}"
EndProject
Global
	GlobalSection(SolutionConfigurationPlatforms) = preSolution
		Debug|Any CPU = Debug|Any CPU
		Release|Any CPU = Release|Any CPU
	EndGlobalSection
	GlobalSection(ProjectConfigurationPlatforms) = postSolution
		{089F6464-6E71-42F4-93DF-1C48CC9982FA}.Debug|Any CPU.ActiveCfg = Debug|Any CPU
		{089F6464-6E71-42F4-93DF-1C48CC9982FA}.Debug|Any CPU.Build.0 = Debug|Any CPU
		{089F6464-6E71-42F4-93DF-1C48CC9982FA}.Release|Any CPU.ActiveCfg = Release|Any CPU
		{089F6464-6E71-42F4-93DF-1C48CC9982FA}.Release|Any CPU.Build.0 = Release|Any CPU
		{AD8A3977-3BD9-4BDE-B903-802CE950D38E}.Debug|Any CPU.ActiveCfg = Debug|Any CPU
		{AD8A3977-3BD9-4BDE-B903-802CE950D38E}.Debug|Any CPU.Build.0 = Debug|Any CPU
		{AD8A3977-3BD9-4BDE-B903-802CE950D38E}.Release|Any CPU.ActiveCfg = Release|Any CPU
		{AD8A3977-3BD9-4BDE-B903-802CE950D38E}.Release|Any CPU.Build.0 = Release|Any CPU
		{3769712E-CDE3-45B8-9981-CCBE5908A7C1}.Debug|Any CPU.ActiveCfg = Debug|Any CPU
		{3769712E-CDE3-45B8-9981-CCBE5908A7C1}.Debug|Any CPU.Build.0 = Debug|Any CPU
		{3769712E-CDE3-45B8-9981-CCBE5908A7C1}.Release|Any CPU.ActiveCfg = Release|Any CPU
		{3769712E-CDE3-45B8-9981-CCBE5908A7C1}.Release|Any CPU.Build.0 = Release|Any CPU
		{9C3A5E2A-BAAA-462E-ADEE-666570816259}.Debug|Any CPU.ActiveCfg = Debug|Any CPU
		{9C3A5E2A-BAAA-462E-ADEE-666570816259}.Debug|Any CPU.Build.0 = Debug|Any CPU
		{9C3A5E2A-BAAA-462E-ADEE-666570816259}.Release|Any CPU.ActiveCfg = Release|Any CPU
		{9C3A5E2A-BAAA-462E-ADEE-666570816259}.Release|Any CPU.Build.0 = Release|Any CPU
		{C7B7F5F8-D5B9-4AE7-B0F2-00CFCCB42945}.Debug|Any CPU.ActiveCfg = Debug|Any CPU
		{C7B7F5F8-D5B9-4AE7-B0F2-00CFCCB42945}.Debug|Any CPU.Build.0 = Debug|Any CPU
		{C7B7F5F8-D5B9-4AE7-B0F2-00CFCCB42945}.Release|Any CPU.ActiveCfg = Release|Any CPU
		{C7B7F5F8-D5B9-4AE7-B0F2-00CFCCB42945}.Release|Any CPU.Build.0 = Release|Any CPU
	EndGlobalSection
	GlobalSection(SolutionProperties) = preSolution
		HideSolutionNode = FALSE
	EndGlobalSection
	GlobalSection(ExtensibilityGlobals) = postSolution
		SolutionGuid = {A4307072-99AE-45DC-B4F3-8DF80B8F2EE8}
	EndGlobalSection
EndGlobal
